# This file is automatically @generated by Cargo.
# It is not intended for manual editing.
version = 3

[[package]]
name = "syphon_errors"
version = "0.1.0"
dependencies = [
 "thin-vec",
]

[[package]]
name = "syphon_lexer"
version = "0.1.0"
dependencies = [
 "syphon_errors",
 "thin-vec",
]

[[package]]
name = "thin-vec"
version = "0.2.12"
source = "registry+https://github.com/rust-lang/crates.io-index"
checksum = "aac81b6fd6beb5884b0cf3321b8117e6e5d47ecb6fc89f414cfdcca8b2fe2dd8"
