# This file is automatically @generated by Cargo.
# It is not intended for manual editing.
version = 3

[[package]]
name = "rustc-hash"
version = "1.1.0"
source = "registry+https://github.com/rust-lang/crates.io-index"
checksum = "08d43f7aa6b08d49f382cde6a7982047c3426db949b1424bc4b7ec9ae12c6ce2"

[[package]]
name = "syphon_ast"
version = "0.1.0"
dependencies = [
 "thin-vec",
]

[[package]]
name = "syphon_errors"
version = "0.1.0"
dependencies = [
 "thin-vec",
]

[[package]]
name = "syphon_evaluator"
version = "0.1.0"
dependencies = [
 "rustc-hash",
 "syphon_ast",
 "syphon_errors",
 "thin-vec",
]

[[package]]
name = "syphon_lexer"
version = "0.1.0"
dependencies = [
 "syphon_errors",
 "thin-vec",
]

[[package]]
name = "syphon_parser"
version = "0.1.0"
dependencies = [
 "syphon_ast",
 "syphon_errors",
 "syphon_lexer",
 "thin-vec",
]

[[package]]
name = "thin-vec"
version = "0.2.12"
source = "registry+https://github.com/rust-lang/crates.io-index"
checksum = "aac81b6fd6beb5884b0cf3321b8117e6e5d47ecb6fc89f414cfdcca8b2fe2dd8"
